Microsoft Visual Studio Solution File, Format Version 12.00
# Visual Studio Version 17
VisualStudioVersion = 17.5.2.0
MinimumVisualStudioVersion = 10.0.40219.1
Project("{FAE04EC0-301F-11D3-BF4B-00C04F79EFBC}") = "estudos", "estudos.csproj", "{A9C424B6-7C53-19FB-CBDE-6F27810E96A3}"
EndProject
Global
	GlobalSection(SolutionConfigurationPlatforms) = preSolution
		Debug|Any CPU = Debug|Any CPU
		Release|Any CPU = Release|Any CPU
	EndGlobalSection
	GlobalSection(ProjectConfigurationPlatforms) = postSolution
		{A9C424B6-7C53-19FB-CBDE-6F27810E96A3}.Debug|Any CPU.ActiveCfg = Debug|Any CPU
		{A9C424B6-7C53-19FB-CBDE-6F27810E96A3}.Debug|Any CPU.Build.0 = Debug|Any CPU
		{A9C424B6-7C53-19FB-CBDE-6F27810E96A3}.Release|Any CPU.ActiveCfg = Release|Any CPU
		{A9C424B6-7C53-19FB-CBDE-6F27810E96A3}.Release|Any CPU.Build.0 = Release|Any CPU
	EndGlobalSection
	GlobalSection(SolutionProperties) = preSolution
		HideSolutionNode = FALSE
	EndGlobalSection
	GlobalSection(ExtensibilityGlobals) = postSolution
		SolutionGuid = {4525E1D0-5478-4A32-B52D-DFE3D0AEB41E}
	EndGlobalSection
EndGlobal
